
Microsoft Visual Studio Solution File, Format Version 12.00
# Visual Studio Version 16
VisualStudioVersion = 16.0.30907.101
MinimumVisualStudioVersion = 10.0.40219.1
Project("{9A19103F-16F7-4668-BE54-9A1E7A4F7556}") = "SampleMvcApp", "SampleMvcApp.csproj", "{21FB9706-2BA5-4E70-BBDE-B262A956B953}"
EndProject
Project("{9A19103F-16F7-4668-BE54-9A1E7A4F7556}") = "Auth0.ASPNETCore", "..\Auth0.ASPNETCore\Auth0.ASPNETCore.csproj", "{9902D618-F39B-40B0-8B42-07B4DC300806}"
EndProject
Project("{FAE04EC0-301F-11D3-BF4B-00C04F79EFBC}") = "SampleWebApiApp", "..\SampleWebApiApp\SampleWebApiApp.csproj", "{23573889-7968-4527-A225-D95AB25D6B09}"
EndProject
Global
	GlobalSection(SolutionConfigurationPlatforms) = preSolution
		Debug|Any CPU = Debug|Any CPU
		Debug|x64 = Debug|x64
		Debug|x86 = Debug|x86
		Release|Any CPU = Release|Any CPU
		Release|x64 = Release|x64
		Release|x86 = Release|x86
	EndGlobalSection
	GlobalSection(ProjectConfigurationPlatforms) = postSolution
		{21FB9706-2BA5-4E70-BBDE-B262A956B953}.Debug|Any CPU.ActiveCfg = Debug|Any CPU
		{21FB9706-2BA5-4E70-BBDE-B262A956B953}.Debug|Any CPU.Build.0 = Debug|Any CPU
		{21FB9706-2BA5-4E70-BBDE-B262A956B953}.Debug|x64.ActiveCfg = Debug|Any CPU
		{21FB9706-2BA5-4E70-BBDE-B262A956B953}.Debug|x64.Build.0 = Debug|Any CPU
		{21FB9706-2BA5-4E70-BBDE-B262A956B953}.Debug|x86.ActiveCfg = Debug|Any CPU
		{21FB9706-2BA5-4E70-BBDE-B262A956B953}.Debug|x86.Build.0 = Debug|Any CPU
		{21FB9706-2BA5-4E70-BBDE-B262A956B953}.Release|Any CPU.ActiveCfg = Release|Any CPU
		{21FB9706-2BA5-4E70-BBDE-B262A956B953}.Release|Any CPU.Build.0 = Release|Any CPU
		{21FB9706-2BA5-4E70-BBDE-B262A956B953}.Release|x64.ActiveCfg = Release|Any CPU
		{21FB9706-2BA5-4E70-BBDE-B262A956B953}.Release|x64.Build.0 = Release|Any CPU
		{21FB9706-2BA5-4E70-BBDE-B262A956B953}.Release|x86.ActiveCfg = Release|Any CPU
		{21FB9706-2BA5-4E70-BBDE-B262A956B953}.Release|x86.Build.0 = Release|Any CPU
		{9902D618-F39B-40B0-8B42-07B4DC300806}.Debug|Any CPU.ActiveCfg = Debug|Any CPU
		{9902D618-F39B-40B0-8B42-07B4DC300806}.Debug|Any CPU.Build.0 = Debug|Any CPU
		{9902D618-F39B-40B0-8B42-07B4DC300806}.Debug|x64.ActiveCfg = Debug|Any CPU
		{9902D618-F39B-40B0-8B42-07B4DC300806}.Debug|x64.Build.0 = Debug|Any CPU
		{9902D618-F39B-40B0-8B42-07B4DC300806}.Debug|x86.ActiveCfg = Debug|Any CPU
		{9902D618-F39B-40B0-8B42-07B4DC300806}.Debug|x86.Build.0 = Debug|Any CPU
		{9902D618-F39B-40B0-8B42-07B4DC300806}.Release|Any CPU.ActiveCfg = Release|Any CPU
		{9902D618-F39B-40B0-8B42-07B4DC300806}.Release|Any CPU.Build.0 = Release|Any CPU
		{9902D618-F39B-40B0-8B42-07B4DC300806}.Release|x64.ActiveCfg = Release|Any CPU
		{9902D618-F39B-40B0-8B42-07B4DC300806}.Release|x64.Build.0 = Release|Any CPU
		{9902D618-F39B-40B0-8B42-07B4DC300806}.Release|x86.ActiveCfg = Release|Any CPU
		{9902D618-F39B-40B0-8B42-07B4DC300806}.Release|x86.Build.0 = Release|Any CPU
		{23573889-7968-4527-A225-D95AB25D6B09}.Debug|Any CPU.ActiveCfg = Debug|Any CPU
		{23573889-7968-4527-A225-D95AB25D6B09}.Debug|Any CPU.Build.0 = Debug|Any CPU
		{23573889-7968-4527-A225-D95AB25D6B09}.Debug|x64.ActiveCfg = Debug|Any CPU
		{23573889-7968-4527-A225-D95AB25D6B09}.Debug|x64.Build.0 = Debug|Any CPU
		{23573889-7968-4527-A225-D95AB25D6B09}.Debug|x86.ActiveCfg = Debug|Any CPU
		{23573889-7968-4527-A225-D95AB25D6B09}.Debug|x86.Build.0 = Debug|Any CPU
		{23573889-7968-4527-A225-D95AB25D6B09}.Release|Any CPU.ActiveCfg = Release|Any CPU
		{23573889-7968-4527-A225-D95AB25D6B09}.Release|Any CPU.Build.0 = Release|Any CPU
		{23573889-7968-4527-A225-D95AB25D6B09}.Release|x64.ActiveCfg = Release|Any CPU
		{23573889-7968-4527-A225-D95AB25D6B09}.Release|x64.Build.0 = Release|Any CPU
		{23573889-7968-4527-A225-D95AB25D6B09}.Release|x86.ActiveCfg = Release|Any CPU
		{23573889-7968-4527-A225-D95AB25D6B09}.Release|x86.Build.0 = Release|Any CPU
	EndGlobalSection
	GlobalSection(SolutionProperties) = preSolution
		HideSolutionNode = FALSE
	EndGlobalSection
	GlobalSection(ExtensibilityGlobals) = postSolution
		SolutionGuid = {1C6DB96D-C768-4703-8952-097837C56278}
	EndGlobalSection
EndGlobal
