
Microsoft Visual Studio Solution File, Format Version 12.00
# Visual Studio Version 16
VisualStudioVersion = 16.0.29519.87
MinimumVisualStudioVersion = 10.0.40219.1
Project("{FAE04EC0-301F-11D3-BF4B-00C04F79EFBC}") = "SampleMvcApp", "SampleMvcApp.csproj", "{35497A25-C811-44F2-803D-ECE47E032CE2}"
EndProject
Global
	GlobalSection(SolutionConfigurationPlatforms) = preSolution
		Debug|Any CPU = Debug|Any CPU
		Release|Any CPU = Release|Any CPU
	EndGlobalSection
	GlobalSection(ProjectConfigurationPlatforms) = postSolution
		{35497A25-C811-44F2-803D-ECE47E032CE2}.Debug|Any CPU.ActiveCfg = Debug|Any CPU
		{35497A25-C811-44F2-803D-ECE47E032CE2}.Debug|Any CPU.Build.0 = Debug|Any CPU
		{35497A25-C811-44F2-803D-ECE47E032CE2}.Release|Any CPU.ActiveCfg = Release|Any CPU
		{35497A25-C811-44F2-803D-ECE47E032CE2}.Release|Any CPU.Build.0 = Release|Any CPU
	EndGlobalSection
	GlobalSection(SolutionProperties) = preSolution
		HideSolutionNode = FALSE
	EndGlobalSection
	GlobalSection(ExtensibilityGlobals) = postSolution
		SolutionGuid = {03195D53-5EA3-40A3-A602-70E384DE8A99}
	EndGlobalSection
EndGlobal
