
Microsoft Visual Studio Solution File, Format Version 12.00
# Visual Studio 15
VisualStudioVersion = 15.0.26403.7
MinimumVisualStudioVersion = 10.0.40219.1
Project("{9A19103F-16F7-4668-BE54-9A1E7A4F7556}") = "SampleMvcApp", "SampleMvcApp.csproj", "{3281B8B6-65CB-40E7-A000-177810C39EE1}"
EndProject
Global
	GlobalSection(SolutionConfigurationPlatforms) = preSolution
		Debug|Any CPU = Debug|Any CPU
		Release|Any CPU = Release|Any CPU
	EndGlobalSection
	GlobalSection(ProjectConfigurationPlatforms) = postSolution
		{3281B8B6-65CB-40E7-A000-177810C39EE1}.Debug|Any CPU.ActiveCfg = Debug|Any CPU
		{3281B8B6-65CB-40E7-A000-177810C39EE1}.Debug|Any CPU.Build.0 = Debug|Any CPU
		{3281B8B6-65CB-40E7-A000-177810C39EE1}.Release|Any CPU.ActiveCfg = Release|Any CPU
		{3281B8B6-65CB-40E7-A000-177810C39EE1}.Release|Any CPU.Build.0 = Release|Any CPU
	EndGlobalSection
	GlobalSection(SolutionProperties) = preSolution
		HideSolutionNode = FALSE
	EndGlobalSection
EndGlobal
