
Microsoft Visual Studio Solution File, Format Version 12.00
# Visual Studio Version 16
VisualStudioVersion = 16.0.29519.87
MinimumVisualStudioVersion = 10.0.40219.1
Project("{FAE04EC0-301F-11D3-BF4B-00C04F79EFBC}") = "oidc-hs256", "oidc-hs256.csproj", "{6F3BE161-19DC-4B65-A6C2-BE6414AD21D5}"
EndProject
Global
	GlobalSection(SolutionConfigurationPlatforms) = preSolution
		Debug|Any CPU = Debug|Any CPU
		Release|Any CPU = Release|Any CPU
	EndGlobalSection
	GlobalSection(ProjectConfigurationPlatforms) = postSolution
		{6F3BE161-19DC-4B65-A6C2-BE6414AD21D5}.Debug|Any CPU.ActiveCfg = Debug|Any CPU
		{6F3BE161-19DC-4B65-A6C2-BE6414AD21D5}.Debug|Any CPU.Build.0 = Debug|Any CPU
		{6F3BE161-19DC-4B65-A6C2-BE6414AD21D5}.Release|Any CPU.ActiveCfg = Release|Any CPU
		{6F3BE161-19DC-4B65-A6C2-BE6414AD21D5}.Release|Any CPU.Build.0 = Release|Any CPU
	EndGlobalSection
	GlobalSection(SolutionProperties) = preSolution
		HideSolutionNode = FALSE
	EndGlobalSection
	GlobalSection(ExtensibilityGlobals) = postSolution
		SolutionGuid = {D677CF3B-697D-4466-B3A3-87D44F83F058}
	EndGlobalSection
EndGlobal
