
Microsoft Visual Studio Solution File, Format Version 12.00
# Visual Studio 15
VisualStudioVersion = 15.0.26403.7
MinimumVisualStudioVersion = 10.0.40219.1
Project("{9A19103F-16F7-4668-BE54-9A1E7A4F7556}") = "AspNetCoreOAuth2Sample", "AspNetCoreOAuth2Sample.csproj", "{33DE2E91-838D-4DA9-AF41-271E9C2EDD41}"
EndProject
Global
	GlobalSection(SolutionConfigurationPlatforms) = preSolution
		Debug|Any CPU = Debug|Any CPU
		Release|Any CPU = Release|Any CPU
	EndGlobalSection
	GlobalSection(ProjectConfigurationPlatforms) = postSolution
		{33DE2E91-838D-4DA9-AF41-271E9C2EDD41}.Debug|Any CPU.ActiveCfg = Debug|Any CPU
		{33DE2E91-838D-4DA9-AF41-271E9C2EDD41}.Debug|Any CPU.Build.0 = Debug|Any CPU
		{33DE2E91-838D-4DA9-AF41-271E9C2EDD41}.Release|Any CPU.ActiveCfg = Release|Any CPU
		{33DE2E91-838D-4DA9-AF41-271E9C2EDD41}.Release|Any CPU.Build.0 = Release|Any CPU
	EndGlobalSection
	GlobalSection(SolutionProperties) = preSolution
		HideSolutionNode = FALSE
	EndGlobalSection
EndGlobal
